agente: Antigravity
tarea: Rediseño portal público, delivery interactivo con carrito, reservas y login
fecha: 2026-09-10 15:00:00
archivos:
  - resources/views/layouts/publico.blade.php
  - resources/views/layouts/guest.blade.php
  - resources/views/livewire/pages/auth/login.blade.php
  - resources/views/livewire/delivery/pedido-publico.blade.php
  - resources/views/livewire/menu/carta-publica.blade.php
  - resources/views/reservas/crear.blade.php
